{
  "version": 4,
  "terraform_version": "1.5.0",
  "serial": 3,
  "lineage": "21b88ddd-5aaa-ba09-bf88-d15f1118295b",
  "outputs": {},
  "resources": [
    {
      "mode": "managed",
      "type": "azurerm_resource_group",
      "name": "RG01",
      "provider": "provider[\"registry.terraform.io/hashicorp/azurerm\"]",
      "instances": [
        {
          "schema_version": 0,
          "attributes": {
            "id": "/subscriptions/8ad43a67-0fd5-462f-8d64-963919247447/resourceGroups/RG01",
            "location": "uksouth",
            "managed_by": "",
            "name": "RG01",
            "tags": {
              "department": "test",
              "owner": "gokul"
            },
            "timeouts": null
          },
          "sensitive_attributes": [],
          "private": "eyJlMmJmYjczMC1lY2FhLTExZTYtOGY4OC0zNDM2M2JjN2M0YzAiOnsiY3JlYXRlIjo1NDAwMDAwMDAwMDAwLCJkZWxldGUiOjU0MDAwMDAwMDAwMDAsInJlYWQiOjMwMDAwMDAwMDAwMCwidXBkYXRlIjo1NDAwMDAwMDAwMDAwfX0="
        }
      ]
    },
    {
      "mode": "managed",
      "type": "azurerm_virtual_network",
      "name": "vnet",
      "provider": "provider[\"registry.terraform.io/hashicorp/azurerm\"]",
      "instances": [
        {
          "schema_version": 0,
          "attributes": {
            "address_space": [
              "10.10.0.0/16"
            ],
            "bgp_community": "",
            "ddos_protection_plan": [],
            "dns_servers": [],
            "edge_zone": "",
            "encryption": [],
            "flow_timeout_in_minutes": 0,
            "guid": "9eb70f70-750e-4071-8b72-e6b27defc2ac",
            "id": "/subscriptions/8ad43a67-0fd5-462f-8d64-963919247447/resourceGroups/RG01/providers/Microsoft.Network/virtualNetworks/vnet",
            "location": "uksouth",
            "name": "vnet",
            "resource_group_name": "RG01",
            "subnet": [
              {
                "address_prefix": "10.10.1.0/24",
                "id": "/subscriptions/8ad43a67-0fd5-462f-8d64-963919247447/resourceGroups/RG01/providers/Microsoft.Network/virtualNetworks/vnet/subnets/Intranet",
                "name": "Intranet",
                "security_group": ""
              },
              {
                "address_prefix": "10.10.2.0/24",
                "id": "/subscriptions/8ad43a67-0fd5-462f-8d64-963919247447/resourceGroups/RG01/providers/Microsoft.Network/virtualNetworks/vnet/subnets/Management",
                "name": "Management",
                "security_group": ""
              },
              {
                "address_prefix": "10.10.3.0/24",
                "id": "/subscriptions/8ad43a67-0fd5-462f-8d64-963919247447/resourceGroups/RG01/providers/Microsoft.Network/virtualNetworks/vnet/subnets/HR",
                "name": "HR",
                "security_group": ""
              },
              {
                "address_prefix": "10.10.4.0/24",
                "id": "/subscriptions/8ad43a67-0fd5-462f-8d64-963919247447/resourceGroups/RG01/providers/Microsoft.Network/virtualNetworks/vnet/subnets/Identity",
                "name": "Identity",
                "security_group": ""
              }
            ],
            "tags": {
              "DateCreated": "03/05/2024",
              "department": "test",
              "owner": "gokul"
            },
            "timeouts": null
          },
          "sensitive_attributes": [],
          "private": "eyJlMmJmYjczMC1lY2FhLTExZTYtOGY4OC0zNDM2M2JjN2M0YzAiOnsiY3JlYXRlIjoxODAwMDAwMDAwMDAwLCJkZWxldGUiOjE4MDAwMDAwMDAwMDAsInJlYWQiOjMwMDAwMDAwMDAwMCwidXBkYXRlIjoxODAwMDAwMDAwMDAwfX0=",
          "dependencies": [
            "azurerm_resource_group.RG01"
          ]
        }
      ]
    }
  ],
  "check_results": null
}
